// !$*UTF8*$!
{
	archiveVersion = 1;
	classes = {
	};
	objectVersion = 46;
	objects = {

/* Begin PBXBuildFile section */
		59084A631FAE0E040073F646 /* Makefile in Sources */ = {isa = PBXBuildFile; fileRef = 59084A621FAE0E040073F646 /* Makefile */; };
		591476E91FAA94A700006CE4 /* Maze.cpp in Sources */ = {isa = PBXBuildFile; fileRef = 591476E21FAA94A700006CE4 /* Maze.cpp */; };
		591476EA1FAA94A700006CE4 /* Position.cpp in Sources */ = {isa = PBXBuildFile; fileRef = 591476E51FAA94A700006CE4 /* Position.cpp */; };
		591476EB1FAA94A700006CE4 /* RescueRemy.cpp in Sources */ = {isa = PBXBuildFile; fileRef = 591476E71FAA94A700006CE4 /* RescueRemy.cpp */; };
		591476EE1FAA94B300006CE4 /* bfsMazeEscape.cpp in Sources */ = {isa = PBXBuildFile; fileRef = 591476EC1FAA94B300006CE4 /* bfsMazeEscape.cpp */; };
/* End PBXBuildFile section */

/* Begin PBXCopyFilesBuildPhase section */
		591476D61FAA946400006CE4 /* CopyFiles */ = {
			isa = PBXCopyFilesBuildPhase;
			buildActionMask = 2147483647;
			dstPath = /usr/share/man/man1/;
			dstSubfolderSpec = 0;
			files = (
			);
			runOnlyForDeploymentPostprocessing = 1;
		};
/* End PBXCopyFilesBuildPhase section */

/* Begin PBXFileReference section */
		59084A5F1FAE0E040073F646 /* correct1 */ = {isa = PBXFileReference; fileEncoding = 4; lastKnownFileType = text; path = correct1; sourceTree = "<group>"; };
		59084A601FAE0E040073F646 /* input1 */ = {isa = PBXFileReference; fileEncoding = 4; lastKnownFileType = text; path = input1; sourceTree = "<group>"; };
		59084A611FAE0E040073F646 /* main */ = {isa = PBXFileReference; lastKnownFileType = file; path = main; sourceTree = "<group>"; };
		59084A621FAE0E040073F646 /* Makefile */ = {isa = PBXFileReference; fileEncoding = 4; lastKnownFileType = sourcecode.make; path = Makefile; sourceTree = "<group>"; };
		591476D81FAA946400006CE4 /* Maze */ = {isa = PBXFileReference; explicitFileType = "compiled.mach-o.executable"; includeInIndex = 0; path = Maze; sourceTree = BUILT_PRODUCTS_DIR; };
		591476E21FAA94A700006CE4 /* Maze.cpp */ = {isa = PBXFileReference; fileEncoding = 4; lastKnownFileType = sourcecode.cpp.cpp; path = Maze.cpp; sourceTree = "<group>"; };
		591476E31FAA94A700006CE4 /* Maze.h */ = {isa = PBXFileReference; fileEncoding = 4; lastKnownFileType = sourcecode.c.h; path = Maze.h; sourceTree = "<group>"; };
		591476E41FAA94A700006CE4 /* MazePrompts.h */ = {isa = PBXFileReference; fileEncoding = 4; lastKnownFileType = sourcecode.c.h; path = MazePrompts.h; sourceTree = "<group>"; };
		591476E51FAA94A700006CE4 /* Position.cpp */ = {isa = PBXFileReference; fileEncoding = 4; lastKnownFileType = sourcecode.cpp.cpp; path = Position.cpp; sourceTree = "<group>"; };
		591476E61FAA94A700006CE4 /* Position.h */ = {isa = PBXFileReference; fileEncoding = 4; lastKnownFileType = sourcecode.c.h; path = Position.h; sourceTree = "<group>"; };
		591476E71FAA94A700006CE4 /* RescueRemy.cpp */ = {isa = PBXFileReference; fileEncoding = 4; lastKnownFileType = sourcecode.cpp.cpp; path = RescueRemy.cpp; sourceTree = "<group>"; };
		591476E81FAA94A700006CE4 /* table.h */ = {isa = PBXFileReference; fileEncoding = 4; lastKnownFileType = sourcecode.c.h; path = table.h; sourceTree = "<group>"; };
		591476EC1FAA94B300006CE4 /* bfsMazeEscape.cpp */ = {isa = PBXFileReference; fileEncoding = 4; lastKnownFileType = sourcecode.cpp.cpp; path = bfsMazeEscape.cpp; sourceTree = "<group>"; };
		591476ED1FAA94B300006CE4 /* bfsMazeEscape.h */ = {isa = PBXFileReference; fileEncoding = 4; lastKnownFileType = sourcecode.c.h; path = bfsMazeEscape.h; sourceTree = "<group>"; };
/* End PBXFileReference section */

/* Begin PBXFrameworksBuildPhase section */
		591476D51FAA946400006CE4 /* Frameworks */ = {
			isa = PBXFrameworksBuildPhase;
			buildActionMask = 2147483647;
			files = (
			);
			runOnlyForDeploymentPostprocessing = 0;
		};
/* End PBXFrameworksBuildPhase section */

/* Begin PBXGroup section */
		591476CF1FAA946400006CE4 = {
			isa = PBXGroup;
			children = (
				591476DA1FAA946400006CE4 /* Maze */,
				591476D91FAA946400006CE4 /* Products */,
			);
			sourceTree = "<group>";
		};
		591476D91FAA946400006CE4 /* Products */ = {
			isa = PBXGroup;
			children = (
				591476D81FAA946400006CE4 /* Maze */,
			);
			name = Products;
			sourceTree = "<group>";
		};
		591476DA1FAA946400006CE4 /* Maze */ = {
			isa = PBXGroup;
			children = (
				59084A5F1FAE0E040073F646 /* correct1 */,
				59084A601FAE0E040073F646 /* input1 */,
				59084A611FAE0E040073F646 /* main */,
				59084A621FAE0E040073F646 /* Makefile */,
				591476EC1FAA94B300006CE4 /* bfsMazeEscape.cpp */,
				591476ED1FAA94B300006CE4 /* bfsMazeEscape.h */,
				591476E21FAA94A700006CE4 /* Maze.cpp */,
				591476E31FAA94A700006CE4 /* Maze.h */,
				591476E41FAA94A700006CE4 /* MazePrompts.h */,
				591476E51FAA94A700006CE4 /* Position.cpp */,
				591476E61FAA94A700006CE4 /* Position.h */,
				591476E71FAA94A700006CE4 /* RescueRemy.cpp */,
				591476E81FAA94A700006CE4 /* table.h */,
			);
			path = Maze;
			sourceTree = "<group>";
		};
/* End PBXGroup section */

/* Begin PBXNativeTarget section */
		591476D71FAA946400006CE4 /* Maze */ = {
			isa = PBXNativeTarget;
			buildConfigurationList = 591476DF1FAA946400006CE4 /* Build configuration list for PBXNativeTarget "Maze" */;
			buildPhases = (
				591476D41FAA946400006CE4 /* Sources */,
				591476D51FAA946400006CE4 /* Frameworks */,
				591476D61FAA946400006CE4 /* CopyFiles */,
			);
			buildRules = (
			);
			dependencies = (
			);
			name = Maze;
			productName = Maze;
			productReference = 591476D81FAA946400006CE4 /* Maze */;
			productType = "com.apple.product-type.tool";
		};
/* End PBXNativeTarget section */

/* Begin PBXProject section */
		591476D01FAA946400006CE4 /* Project object */ = {
			isa = PBXProject;
			attributes = {
				LastUpgradeCheck = 0830;
				ORGANIZATIONNAME = "Ryan Arjun";
				TargetAttributes = {
					591476D71FAA946400006CE4 = {
						CreatedOnToolsVersion = 8.3.3;
						ProvisioningStyle = Automatic;
					};
				};
			};
			buildConfigurationList = 591476D31FAA946400006CE4 /* Build configuration list for PBXProject "Maze" */;
			compatibilityVersion = "Xcode 3.2";
			developmentRegion = English;
			hasScannedForEncodings = 0;
			knownRegions = (
				en,
			);
			mainGroup = 591476CF1FAA946400006CE4;
			productRefGroup = 591476D91FAA946400006CE4 /* Products */;
			projectDirPath = "";
			projectRoot = "";
			targets = (
				591476D71FAA946400006CE4 /* Maze */,
			);
		};
/* End PBXProject section */

/* Begin PBXSourcesBuildPhase section */
		591476D41FAA946400006CE4 /* Sources */ = {
			isa = PBXSourcesBuildPhase;
			buildActionMask = 2147483647;
			files = (
				59084A631FAE0E040073F646 /* Makefile in Sources */,
				591476EB1FAA94A700006CE4 /* RescueRemy.cpp in Sources */,
				591476EA1FAA94A700006CE4 /* Position.cpp in Sources */,
				591476E91FAA94A700006CE4 /* Maze.cpp in Sources */,
				591476EE1FAA94B300006CE4 /* bfsMazeEscape.cpp in Sources */,
			);
			runOnlyForDeploymentPostprocessing = 0;
		};
/* End PBXSourcesBuildPhase section */

/* Begin XCBuildConfiguration section */
		591476DD1FAA946400006CE4 /* Debug */ = {
			isa = XCBuildConfiguration;
			buildSettings = {
				ALWAYS_SEARCH_USER_PATHS = NO;
				CLANG_ANALYZER_NONNULL = YES;
				CLANG_ANALYZER_NUMBER_OBJECT_CONVERSION = YES_AGGRESSIVE;
				CLANG_CXX_LANGUAGE_STANDARD = "gnu++0x";
				CLANG_CXX_LIBRARY = "libc++";
				CLANG_ENABLE_MODULES = YES;
				CLANG_ENABLE_OBJC_ARC = YES;
				CLANG_WARN_BOOL_CONVERSION = YES;
				CLANG_WARN_CONSTANT_CONVERSION = YES;
				CLANG_WARN_DIRECT_OBJC_ISA_USAGE = YES_ERROR;
				CLANG_WARN_DOCUMENTATION_COMMENTS = YES;
				CLANG_WARN_EMPTY_BODY = YES;
				CLANG_WARN_ENUM_CONVERSION = YES;
				CLANG_WARN_INFINITE_RECURSION = YES;
				CLANG_WARN_INT_CONVERSION = YES;
				CLANG_WARN_OBJC_ROOT_CLASS = YES_ERROR;
				CLANG_WARN_SUSPICIOUS_MOVE = YES;
				CLANG_WARN_UNREACHABLE_CODE = YES;
				CLANG_WARN__DUPLICATE_METHOD_MATCH = YES;
				CODE_SIGN_IDENTITY = "-";
				COPY_PHASE_STRIP = NO;
				DEBUG_INFORMATION_FORMAT = dwarf;
				ENABLE_STRICT_OBJC_MSGSEND = YES;
				ENABLE_TESTABILITY = YES;
				GCC_C_LANGUAGE_STANDARD = gnu99;
				GCC_DYNAMIC_NO_PIC = NO;
				GCC_NO_COMMON_BLOCKS = YES;
				GCC_OPTIMIZATION_LEVEL = 0;
				GCC_PREPROCESSOR_DEFINITIONS = (
					"DEBUG=1",
					"$(inherited)",
				);
				GCC_WARN_64_TO_32_BIT_CONVERSION = YES;
				GCC_WARN_ABOUT_RETURN_TYPE = YES_ERROR;
				GCC_WARN_UNDECLARED_SELECTOR = YES;
				GCC_WARN_UNINITIALIZED_AUTOS = YES_AGGRESSIVE;
				GCC_WARN_UNUSED_FUNCTION = YES;
				GCC_WARN_UNUSED_VARIABLE = YES;
				MACOSX_DEPLOYMENT_TARGET = 10.12;
				MTL_ENABLE_DEBUG_INFO = YES;
				ONLY_ACTIVE_ARCH = YES;
				SDKROOT = macosx;
			};
			name = Debug;
		};
		591476DE1FAA946400006CE4 /* Release */ = {
			isa = XCBuildConfiguration;
			buildSettings = {
				ALWAYS_SEARCH_USER_PATHS = NO;
				CLANG_ANALYZER_NONNULL = YES;
				CLANG_ANALYZER_NUMBER_OBJECT_CONVERSION = YES_AGGRESSIVE;
				CLANG_CXX_LANGUAGE_STANDARD = "gnu++0x";
				CLANG_CXX_LIBRARY = "libc++";
				CLANG_ENABLE_MODULES = YES;
				CLANG_ENABLE_OBJC_ARC = YES;
				CLANG_WARN_BOOL_CONVERSION = YES;
				CLANG_WARN_CONSTANT_CONVERSION = YES;
				CLANG_WARN_DIRECT_OBJC_ISA_USAGE = YES_ERROR;
				CLANG_WARN_DOCUMENTATION_COMMENTS = YES;
				CLANG_WARN_EMPTY_BODY = YES;
				CLANG_WARN_ENUM_CONVERSION = YES;
				CLANG_WARN_INFINITE_RECURSION = YES;
				CLANG_WARN_INT_CONVERSION = YES;
				CLANG_WARN_OBJC_ROOT_CLASS = YES_ERROR;
				CLANG_WARN_SUSPICIOUS_MOVE = YES;
				CLANG_WARN_UNREACHABLE_CODE = YES;
				CLANG_WARN__DUPLICATE_METHOD_MATCH = YES;
				CODE_SIGN_IDENTITY = "-";
				COPY_PHASE_STRIP = NO;
				DEBUG_INFORMATION_FORMAT = "dwarf-with-dsym";
				ENABLE_NS_ASSERTIONS = NO;
				ENABLE_STRICT_OBJC_MSGSEND = YES;
				GCC_C_LANGUAGE_STANDARD = gnu99;
				GCC_NO_COMMON_BLOCKS = YES;
				GCC_WARN_64_TO_32_BIT_CONVERSION = YES;
				GCC_WARN_ABOUT_RETURN_TYPE = YES_ERROR;
				GCC_WARN_UNDECLARED_SELECTOR = YES;
				GCC_WARN_UNINITIALIZED_AUTOS = YES_AGGRESSIVE;
				GCC_WARN_UNUSED_FUNCTION = YES;
				GCC_WARN_UNUSED_VARIABLE = YES;
				MACOSX_DEPLOYMENT_TARGET = 10.12;
				MTL_ENABLE_DEBUG_INFO = NO;
				SDKROOT = macosx;
			};
			name = Release;
		};
		591476E01FAA946400006CE4 /* Debug */ = {
			isa = XCBuildConfiguration;
			buildSettings = {
				PRODUCT_NAME = "$(TARGET_NAME)";
			};
			name = Debug;
		};
		591476E11FAA946400006CE4 /* Release */ = {
			isa = XCBuildConfiguration;
			buildSettings = {
				PRODUCT_NAME = "$(TARGET_NAME)";
			};
			name = Release;
		};
/* End XCBuildConfiguration section */

/* Begin XCConfigurationList section */
		591476D31FAA946400006CE4 /* Build configuration list for PBXProject "Maze" */ = {
			isa = XCConfigurationList;
			buildConfigurations = (
				591476DD1FAA946400006CE4 /* Debug */,
				591476DE1FAA946400006CE4 /* Release */,
			);
			defaultConfigurationIsVisible = 0;
			defaultConfigurationName = Release;
		};
		591476DF1FAA946400006CE4 /* Build configuration list for PBXNativeTarget "Maze" */ = {
			isa = XCConfigurationList;
			buildConfigurations = (
				591476E01FAA946400006CE4 /* Debug */,
				591476E11FAA946400006CE4 /* Release */,
			);
			defaultConfigurationIsVisible = 0;
			defaultConfigurationName = Release;
		};
/* End XCConfigurationList section */
	};
	rootObject = 591476D01FAA946400006CE4 /* Project object */;
}
